uuid: 6cdf827b-2cd6-42b8-8494-9b4a46fd5cc0
langcode: en
status: true
dependencies:
  config:
    - block_content.type.basic
    - block_content.type.newsletter
    - block_content.type.social_media_links
    - field.storage.paragraph.field_block
    - paragraphs.paragraphs_type.block_placer
_core:
  default_config_hash: aDUjcFlLh-vbKdLYEEAmoQ2-odg-nWQSsinWemIwGSw
id: paragraph.block_placer.field_block
field_name: field_block
entity_type: paragraph
bundle: block_placer
label: Block
description: ''
required: true
translatable: false
default_value: {  }
default_value_callback: ''
settings:
  handler: 'default:block_content'
  handler_settings:
    target_bundles:
      basic: basic
      newsletter: newsletter
      social_media_links: social_media_links
    sort:
      field: _none
      direction: ASC
    auto_create: false
    auto_create_bundle: basic
field_type: entity_reference
